
Microsoft Visual Studio Solution File, Format Version 12.00
# Visual Studio 15
VisualStudioVersion = 15.0.28307.102
MinimumVisualStudioVersion = 10.0.40219.1
Project("{8BC9CEB8-8B4A-11D0-8D11-00A0C91BC942}") = "JLibUSB", "JLibUSB\JLibUSB.vcxproj", "{EF101013-AAB0-43DF-B288-2AB1D69650DC}"
EndProject
Global
	GlobalSection(SolutionConfigurationPlatforms) = preSolution
		Debug|x64 = Debug|x64
		Debug|x86 = Debug|x86
		Release|x64 = Release|x64
		Release|x86 = Release|x86
	EndGlobalSection
	GlobalSection(ProjectConfigurationPlatforms) = postSolution
		{EF101013-AAB0-43DF-B288-2AB1D69650DC}.Debug|x64.ActiveCfg = Debug|x64
		{EF101013-AAB0-43DF-B288-2AB1D69650DC}.Debug|x64.Build.0 = Debug|x64
		{EF101013-AAB0-43DF-B288-2AB1D69650DC}.Debug|x86.ActiveCfg = Debug|Win32
		{EF101013-AAB0-43DF-B288-2AB1D69650DC}.Debug|x86.Build.0 = Debug|Win32
		{EF101013-AAB0-43DF-B288-2AB1D69650DC}.Release|x64.ActiveCfg = Release|x64
		{EF101013-AAB0-43DF-B288-2AB1D69650DC}.Release|x64.Build.0 = Release|x64
		{EF101013-AAB0-43DF-B288-2AB1D69650DC}.Release|x86.ActiveCfg = Release|Win32
		{EF101013-AAB0-43DF-B288-2AB1D69650DC}.Release|x86.Build.0 = Release|Win32
	EndGlobalSection
	GlobalSection(SolutionProperties) = preSolution
		HideSolutionNode = FALSE
	EndGlobalSection
	GlobalSection(ExtensibilityGlobals) = postSolution
		SolutionGuid = {DE807F3D-C198-4D08-B5A6-DE607D57549D}
	EndGlobalSection
EndGlobal
